github.com/PapaDjo2000/home_work_otus/hw02_fix_app v0.0.0-20241115150045-eab636b6884e h1:ODMOuZ50SIWIj+CP4Cr9pUo3fGrDgH23xyq2WLy/Jf8=
github.com/PapaDjo2000/home_work_otus/hw02_fix_app v0.0.0-20241115150045-eab636b6884e/go.mod h1:K0cJmAboh9PuXuLtxoPNBtY9ya8ZpSVZs2hAXiGbWug=
github.com/PapaDjo2000/home_work_otus/hw04_struct_comparator v0.0.0-20241115150045-eab636b6884e h1:MRZedUV6nAga2DqnrvKWrHFy0faDDrxVpLufzw+j7Uk=
github.com/PapaDjo2000/home_work_otus/hw04_struct_comparator v0.0.0-20241115150045-eab636b6884e/go.mod h1:dfUC45C+zT+V5knhMUGjRY6pRE1N2pkzmXLYHtUlZjw=
github.com/PapaDjo2000/home_work_otus/hw05_shapes v0.0.0-20241115150045-eab636b6884e h1:ZQ4A4gsMsm8n/gze+BsPdsbndnX8IUV923CKWg/7UhM=
github.com/PapaDjo2000/home_work_otus/hw05_shapes v0.0.0-20241115150045-eab636b6884e/go.mod h1:cKIEAEm9Zb36IXoRRdviavsxXnQiuZ/+NzUX8ZJ3Xms=
github.com/google/uuid v1.6.0 h1:NIvaJDMOsjHA8n1jAhLSgzrAzy1Hgr+hNrb57e+94F0=
github.com/google/uuid v1.6.0/go.mod h1:TIyPZe4MgqvfeYDBFedMoGGpEw/LqOeaOT+nhxU+yHo=
